// !$*UTF8*$!
{
	archiveVersion = 1;
	classes = {
	};
	objectVersion = 56;
	objects = {

/* Begin PBXBuildFile section */
		115871B5463F51D5AA4DC1E5 /* Pods_Media_PlayerTests.framework in Frameworks */ = {isa = PBXBuildFile; fileRef = 06D51E78D4E6B8405B2ABA1A /* Pods_Media_PlayerTests.framework */; };
		298C665029AB3DFA00A9A4A2 /* AppDelegate.swift in Sources */ = {isa = PBXBuildFile; fileRef = 298C664F29AB3DFA00A9A4A2 /* AppDelegate.swift */; };
		298C665229AB3DFA00A9A4A2 /* SceneDelegate.swift in Sources */ = {isa = PBXBuildFile; fileRef = 298C665129AB3DFA00A9A4A2 /* SceneDelegate.swift */; };
		298C665929AB3DFD00A9A4A2 /* Assets.xcassets in Resources */ = {isa = PBXBuildFile; fileRef = 298C665829AB3DFD00A9A4A2 /* Assets.xcassets */; };
		298C665C29AB3DFD00A9A4A2 /* LaunchScreen.storyboard in Resources */ = {isa = PBXBuildFile; fileRef = 298C665A29AB3DFD00A9A4A2 /* LaunchScreen.storyboard */; };
		298C666729AB3DFD00A9A4A2 /* Media_PlayerTests.swift in Sources */ = {isa = PBXBuildFile; fileRef = 298C666629AB3DFD00A9A4A2 /* Media_PlayerTests.swift */; };
		298C667129AB3DFD00A9A4A2 /* Media_PlayerUITests.swift in Sources */ = {isa = PBXBuildFile; fileRef = 298C667029AB3DFD00A9A4A2 /* Media_PlayerUITests.swift */; };
		298C667329AB3DFD00A9A4A2 /* Media_PlayerUITestsLaunchTests.swift in Sources */ = {isa = PBXBuildFile; fileRef = 298C667229AB3DFD00A9A4A2 /* Media_PlayerUITestsLaunchTests.swift */; };
		29C8A6EC29AB5A4B00A9EF1D /* HomeViewController.swift in Sources */ = {isa = PBXBuildFile; fileRef = 29C8A6EA29AB5A4B00A9EF1D /* HomeViewController.swift */; };
		29C8A6ED29AB5A4B00A9EF1D /* HomeViewController.xib in Resources */ = {isa = PBXBuildFile; fileRef = 29C8A6EB29AB5A4B00A9EF1D /* HomeViewController.xib */; };
		29C8A6EF29AB5A6500A9EF1D /* HomeViewController+TableView.swift in Sources */ = {isa = PBXBuildFile; fileRef = 29C8A6EE29AB5A6500A9EF1D /* HomeViewController+TableView.swift */; };
		29C8A6F129AB5A7A00A9EF1D /* HomeViewModel.swift in Sources */ = {isa = PBXBuildFile; fileRef = 29C8A6F029AB5A7A00A9EF1D /* HomeViewModel.swift */; };
		29C8A6F529AB5AAC00A9EF1D /* HomeViewController+Binding.swift in Sources */ = {isa = PBXBuildFile; fileRef = 29C8A6F429AB5AAC00A9EF1D /* HomeViewController+Binding.swift */; };
		29C8A6FA29AB64DF00A9EF1D /* Result.swift in Sources */ = {isa = PBXBuildFile; fileRef = 29C8A6F929AB64DF00A9EF1D /* Result.swift */; };
		29C8A6FC29AB650D00A9EF1D /* BaseViewController.swift in Sources */ = {isa = PBXBuildFile; fileRef = 29C8A6FB29AB650D00A9EF1D /* BaseViewController.swift */; };
		29C8A6FE29AB651500A9EF1D /* BaseViewModel.swift in Sources */ = {isa = PBXBuildFile; fileRef = 29C8A6FD29AB651500A9EF1D /* BaseViewModel.swift */; };
		29C8A70029AB651B00A9EF1D /* BaseService.swift in Sources */ = {isa = PBXBuildFile; fileRef = 29C8A6FF29AB651B00A9EF1D /* BaseService.swift */; };
		29C8A70229AB652F00A9EF1D /* BaseSerializerCodable.swift in Sources */ = {isa = PBXBuildFile; fileRef = 29C8A70129AB652F00A9EF1D /* BaseSerializerCodable.swift */; };
		29C8A70429AB7FA100A9EF1D /* Connectivity.swift in Sources */ = {isa = PBXBuildFile; fileRef = 29C8A70329AB7FA100A9EF1D /* Connectivity.swift */; };
		29C8A70729AB846500A9EF1D /* HomeTableViewCell.swift in Sources */ = {isa = PBXBuildFile; fileRef = 29C8A70529AB846500A9EF1D /* HomeTableViewCell.swift */; };
		29C8A70829AB846500A9EF1D /* HomeTableViewCell.xib in Resources */ = {isa = PBXBuildFile; fileRef = 29C8A70629AB846500A9EF1D /* HomeTableViewCell.xib */; };
		29C8A70A29AB84D600A9EF1D /* Extensions.swift in Sources */ = {isa = PBXBuildFile; fileRef = 29C8A70929AB84D600A9EF1D /* Extensions.swift */; };
		29C8A70D29AB8A3B00A9EF1D /* Styles.swift in Sources */ = {isa = PBXBuildFile; fileRef = 29C8A70C29AB8A3B00A9EF1D /* Styles.swift */; };
		29C8A71129AB8DAC00A9EF1D /* DetailVideoViewController.swift in Sources */ = {isa = PBXBuildFile; fileRef = 29C8A70F29AB8DAC00A9EF1D /* DetailVideoViewController.swift */; };
		29C8A71229AB8DAC00A9EF1D /* DetailVideoViewController.xib in Resources */ = {isa = PBXBuildFile; fileRef = 29C8A71029AB8DAC00A9EF1D /* DetailVideoViewController.xib */; };
		29C8A71429AB961200A9EF1D /* ListVideoRequest.swift in Sources */ = {isa = PBXBuildFile; fileRef = 29C8A71329AB961200A9EF1D /* ListVideoRequest.swift */; };
		29C8A71629AB962500A9EF1D /* ListVideoResponse.swift in Sources */ = {isa = PBXBuildFile; fileRef = 29C8A71529AB962500A9EF1D /* ListVideoResponse.swift */; };
		29C8A71829AB964900A9EF1D /* ListVideoServiceProtocol.swift in Sources */ = {isa = PBXBuildFile; fileRef = 29C8A71729AB964900A9EF1D /* ListVideoServiceProtocol.swift */; };
		29C8A71A29AB965200A9EF1D /* ListVideoService.swift in Sources */ = {isa = PBXBuildFile; fileRef = 29C8A71929AB965200A9EF1D /* ListVideoService.swift */; };
		29C8A71C29AB983200A9EF1D /* PaginableResponse.swift in Sources */ = {isa = PBXBuildFile; fileRef = 29C8A71B29AB983200A9EF1D /* PaginableResponse.swift */; };
		29C8A71E29ABA64B00A9EF1D /* ListVideoPO.swift in Sources */ = {isa = PBXBuildFile; fileRef = 29C8A71D29ABA64B00A9EF1D /* ListVideoPO.swift */; };
		50A6EF95D985C93D7E1941FC /* Pods_Media_Player_Media_PlayerUITests.framework in Frameworks */ = {isa = PBXBuildFile; fileRef = 64F15F282623211693A8A81B /* Pods_Media_Player_Media_PlayerUITests.framework */; };
		BC93031B9932B9B0BAB13B83 /* Pods_Media_Player.framework in Frameworks */ = {isa = PBXBuildFile; fileRef = DB86E5C77D6E3CFC8E4B7320 /* Pods_Media_Player.framework */; };
/* End PBXBuildFile section */

/* Begin PBXContainerItemProxy section */
		298C666329AB3DFD00A9A4A2 /* PBXContainerItemProxy */ = {
			isa = PBXContainerItemProxy;
			containerPortal = 298C664429AB3DFA00A9A4A2 /* Project object */;
			proxyType = 1;
			remoteGlobalIDString = 298C664B29AB3DFA00A9A4A2;
			remoteInfo = "Media-Player";
		};
		298C666D29AB3DFD00A9A4A2 /* PBXContainerItemProxy */ = {
			isa = PBXContainerItemProxy;
			containerPortal = 298C664429AB3DFA00A9A4A2 /* Project object */;
			proxyType = 1;
			remoteGlobalIDString = 298C664B29AB3DFA00A9A4A2;
			remoteInfo = "Media-Player";
		};
/* End PBXContainerItemProxy section */

/* Begin PBXFileReference section */
		06D51E78D4E6B8405B2ABA1A /* Pods_Media_PlayerTests.framework */ = {isa = PBXFileReference; explicitFileType = wrapper.framework; includeInIndex = 0; path = Pods_Media_PlayerTests.framework; sourceTree = BUILT_PRODUCTS_DIR; };
		298C664C29AB3DFA00A9A4A2 /* Media-Player.app */ = {isa = PBXFileReference; explicitFileType = wrapper.application; includeInIndex = 0; path = "Media-Player.app"; sourceTree = BUILT_PRODUCTS_DIR; };
		298C664F29AB3DFA00A9A4A2 /* AppDelegate.swift */ = {isa = PBXFileReference; lastKnownFileType = sourcecode.swift; path = AppDelegate.swift; sourceTree = "<group>"; };
		298C665129AB3DFA00A9A4A2 /* SceneDelegate.swift */ = {isa = PBXFileReference; lastKnownFileType = sourcecode.swift; path = SceneDelegate.swift; sourceTree = "<group>"; };
		298C665829AB3DFD00A9A4A2 /* Assets.xcassets */ = {isa = PBXFileReference; lastKnownFileType = folder.assetcatalog; path = Assets.xcassets; sourceTree = "<group>"; };
		298C665B29AB3DFD00A9A4A2 /* Base */ = {isa = PBXFileReference; lastKnownFileType = file.storyboard; name = Base; path = Base.lproj/LaunchScreen.storyboard; sourceTree = "<group>"; };
		298C665D29AB3DFD00A9A4A2 /* Info.plist */ = {isa = PBXFileReference; lastKnownFileType = text.plist.xml; path = Info.plist; sourceTree = "<group>"; };
		298C666229AB3DFD00A9A4A2 /* Media-PlayerTests.xctest */ = {isa = PBXFileReference; explicitFileType = wrapper.cfbundle; includeInIndex = 0; path = "Media-PlayerTests.xctest"; sourceTree = BUILT_PRODUCTS_DIR; };
		298C666629AB3DFD00A9A4A2 /* Media_PlayerTests.swift */ = {isa = PBXFileReference; lastKnownFileType = sourcecode.swift; path = Media_PlayerTests.swift; sourceTree = "<group>"; };
		298C666C29AB3DFD00A9A4A2 /* Media-PlayerUITests.xctest */ = {isa = PBXFileReference; explicitFileType = wrapper.cfbundle; includeInIndex = 0; path = "Media-PlayerUITests.xctest"; sourceTree = BUILT_PRODUCTS_DIR; };
		298C667029AB3DFD00A9A4A2 /* Media_PlayerUITests.swift */ = {isa = PBXFileReference; lastKnownFileType = sourcecode.swift; path = Media_PlayerUITests.swift; sourceTree = "<group>"; };
		298C667229AB3DFD00A9A4A2 /* Media_PlayerUITestsLaunchTests.swift */ = {isa = PBXFileReference; lastKnownFileType = sourcecode.swift; path = Media_PlayerUITestsLaunchTests.swift; sourceTree = "<group>"; };
		29C8A6EA29AB5A4B00A9EF1D /* HomeViewController.swift */ = {isa = PBXFileReference; lastKnownFileType = sourcecode.swift; path = HomeViewController.swift; sourceTree = "<group>"; };
		29C8A6EB29AB5A4B00A9EF1D /* HomeViewController.xib */ = {isa = PBXFileReference; lastKnownFileType = file.xib; path = HomeViewController.xib; sourceTree = "<group>"; };
		29C8A6EE29AB5A6500A9EF1D /* HomeViewController+TableView.swift */ = {isa = PBXFileReference; lastKnownFileType = sourcecode.swift; path = "HomeViewController+TableView.swift"; sourceTree = "<group>"; };
		29C8A6F029AB5A7A00A9EF1D /* HomeViewModel.swift */ = {isa = PBXFileReference; lastKnownFileType = sourcecode.swift; path = HomeViewModel.swift; sourceTree = "<group>"; };
		29C8A6F429AB5AAC00A9EF1D /* HomeViewController+Binding.swift */ = {isa = PBXFileReference; lastKnownFileType = sourcecode.swift; path = "HomeViewController+Binding.swift"; sourceTree = "<group>"; };
		29C8A6F929AB64DF00A9EF1D /* Result.swift */ = {isa = PBXFileReference; fileEncoding = 4; lastKnownFileType = sourcecode.swift; path = Result.swift; sourceTree = "<group>"; };
		29C8A6FB29AB650D00A9EF1D /* BaseViewController.swift */ = {isa = PBXFileReference; fileEncoding = 4; lastKnownFileType = sourcecode.swift; path = BaseViewController.swift; sourceTree = "<group>"; };
		29C8A6FD29AB651500A9EF1D /* BaseViewModel.swift */ = {isa = PBXFileReference; fileEncoding = 4; lastKnownFileType = sourcecode.swift; path = BaseViewModel.swift; sourceTree = "<group>"; };
		29C8A6FF29AB651B00A9EF1D /* BaseService.swift */ = {isa = PBXFileReference; fileEncoding = 4; lastKnownFileType = sourcecode.swift; path = BaseService.swift; sourceTree = "<group>"; };
		29C8A70129AB652F00A9EF1D /* BaseSerializerCodable.swift */ = {isa = PBXFileReference; fileEncoding = 4; lastKnownFileType = sourcecode.swift; path = BaseSerializerCodable.swift; sourceTree = "<group>"; };
		29C8A70329AB7FA100A9EF1D /* Connectivity.swift */ = {isa = PBXFileReference; fileEncoding = 4; lastKnownFileType = sourcecode.swift; path = Connectivity.swift; sourceTree = "<group>"; };
		29C8A70529AB846500A9EF1D /* HomeTableViewCell.swift */ = {isa = PBXFileReference; lastKnownFileType = sourcecode.swift; path = HomeTableViewCell.swift; sourceTree = "<group>"; };
		29C8A70629AB846500A9EF1D /* HomeTableViewCell.xib */ = {isa = PBXFileReference; lastKnownFileType = file.xib; path = HomeTableViewCell.xib; sourceTree = "<group>"; };
		29C8A70929AB84D600A9EF1D /* Extensions.swift */ = {isa = PBXFileReference; lastKnownFileType = sourcecode.swift; path = Extensions.swift; sourceTree = "<group>"; };
		29C8A70C29AB8A3B00A9EF1D /* Styles.swift */ = {isa = PBXFileReference; lastKnownFileType = sourcecode.swift; path = Styles.swift; sourceTree = "<group>"; };
		29C8A70F29AB8DAC00A9EF1D /* DetailVideoViewController.swift */ = {isa = PBXFileReference; lastKnownFileType = sourcecode.swift; path = DetailVideoViewController.swift; sourceTree = "<group>"; };
		29C8A71029AB8DAC00A9EF1D /* DetailVideoViewController.xib */ = {isa = PBXFileReference; lastKnownFileType = file.xib; path = DetailVideoViewController.xib; sourceTree = "<group>"; };
		29C8A71329AB961200A9EF1D /* ListVideoRequest.swift */ = {isa = PBXFileReference; lastKnownFileType = sourcecode.swift; path = ListVideoRequest.swift; sourceTree = "<group>"; };
		29C8A71529AB962500A9EF1D /* ListVideoResponse.swift */ = {isa = PBXFileReference; lastKnownFileType = sourcecode.swift; path = ListVideoResponse.swift; sourceTree = "<group>"; };
		29C8A71729AB964900A9EF1D /* ListVideoServiceProtocol.swift */ = {isa = PBXFileReference; lastKnownFileType = sourcecode.swift; path = ListVideoServiceProtocol.swift; sourceTree = "<group>"; };
		29C8A71929AB965200A9EF1D /* ListVideoService.swift */ = {isa = PBXFileReference; lastKnownFileType = sourcecode.swift; path = ListVideoService.swift; sourceTree = "<group>"; };
		29C8A71B29AB983200A9EF1D /* PaginableResponse.swift */ = {isa = PBXFileReference; lastKnownFileType = sourcecode.swift; path = PaginableResponse.swift; sourceTree = "<group>"; };
		29C8A71D29ABA64B00A9EF1D /* ListVideoPO.swift */ = {isa = PBXFileReference; lastKnownFileType = sourcecode.swift; path = ListVideoPO.swift; sourceTree = "<group>"; };
		4830F5A3B562069DAB5A5BF0 /* Pods-Media-Player-Media-PlayerUITests.debug.xcconfig */ = {isa = PBXFileReference; includeInIndex = 1; lastKnownFileType = text.xcconfig; name = "Pods-Media-Player-Media-PlayerUITests.debug.xcconfig"; path = "Target Support Files/Pods-Media-Player-Media-PlayerUITests/Pods-Media-Player-Media-PlayerUITests.debug.xcconfig"; sourceTree = "<group>"; };
		64F15F282623211693A8A81B /* Pods_Media_Player_Media_PlayerUITests.framework */ = {isa = PBXFileReference; explicitFileType = wrapper.framework; includeInIndex = 0; path = Pods_Media_Player_Media_PlayerUITests.framework; sourceTree = BUILT_PRODUCTS_DIR; };
		707E07C3E73DF166E5AB9654 /* Pods-Media-Player-Media-PlayerUITests.release.xcconfig */ = {isa = PBXFileReference; includeInIndex = 1; lastKnownFileType = text.xcconfig; name = "Pods-Media-Player-Media-PlayerUITests.release.xcconfig"; path = "Target Support Files/Pods-Media-Player-Media-PlayerUITests/Pods-Media-Player-Media-PlayerUITests.release.xcconfig"; sourceTree = "<group>"; };
		988B06A738BBEE327111523E /* Pods-Media-PlayerTests.debug.xcconfig */ = {isa = PBXFileReference; includeInIndex = 1; lastKnownFileType = text.xcconfig; name = "Pods-Media-PlayerTests.debug.xcconfig"; path = "Target Support Files/Pods-Media-PlayerTests/Pods-Media-PlayerTests.debug.xcconfig"; sourceTree = "<group>"; };
		AAD0154EAF92FAE6B18C4307 /* Pods-Media-PlayerTests.release.xcconfig */ = {isa = PBXFileReference; includeInIndex = 1; lastKnownFileType = text.xcconfig; name = "Pods-Media-PlayerTests.release.xcconfig"; path = "Target Support Files/Pods-Media-PlayerTests/Pods-Media-PlayerTests.release.xcconfig"; sourceTree = "<group>"; };
		CB8A656E5CCA20CC832EC9AC /* Pods-Media-Player.debug.xcconfig */ = {isa = PBXFileReference; includeInIndex = 1; lastKnownFileType = text.xcconfig; name = "Pods-Media-Player.debug.xcconfig"; path = "Target Support Files/Pods-Media-Player/Pods-Media-Player.debug.xcconfig"; sourceTree = "<group>"; };
		DB86E5C77D6E3CFC8E4B7320 /* Pods_Media_Player.framework */ = {isa = PBXFileReference; explicitFileType = wrapper.framework; includeInIndex = 0; path = Pods_Media_Player.framework; sourceTree = BUILT_PRODUCTS_DIR; };
		EE19DD100A91E6DA050C37D7 /* Pods-Media-Player.release.xcconfig */ = {isa = PBXFileReference; includeInIndex = 1; lastKnownFileType = text.xcconfig; name = "Pods-Media-Player.release.xcconfig"; path = "Target Support Files/Pods-Media-Player/Pods-Media-Player.release.xcconfig"; sourceTree = "<group>"; };
/* End PBXFileReference section */

/* Begin PBXFrameworksBuildPhase section */
		298C664929AB3DFA00A9A4A2 /* Frameworks */ = {
			isa = PBXFrameworksBuildPhase;
			buildActionMask = 2147483647;
			files = (
				BC93031B9932B9B0BAB13B83 /* Pods_Media_Player.framework in Frameworks */,
			);
			runOnlyForDeploymentPostprocessing = 0;
		};
		298C665F29AB3DFD00A9A4A2 /* Frameworks */ = {
			isa = PBXFrameworksBuildPhase;
			buildActionMask = 2147483647;
			files = (
				115871B5463F51D5AA4DC1E5 /* Pods_Media_PlayerTests.framework in Frameworks */,
			);
			runOnlyForDeploymentPostprocessing = 0;
		};
		298C666929AB3DFD00A9A4A2 /* Frameworks */ = {
			isa = PBXFrameworksBuildPhase;
			buildActionMask = 2147483647;
			files = (
				50A6EF95D985C93D7E1941FC /* Pods_Media_Player_Media_PlayerUITests.framework in Frameworks */,
			);
			runOnlyForDeploymentPostprocessing = 0;
		};
/* End PBXFrameworksBuildPhase section */

/* Begin PBXGroup section */
		298C664329AB3DFA00A9A4A2 = {
			isa = PBXGroup;
			children = (
				298C664E29AB3DFA00A9A4A2 /* Media-Player */,
				298C666529AB3DFD00A9A4A2 /* Media-PlayerTests */,
				298C666F29AB3DFD00A9A4A2 /* Media-PlayerUITests */,
				298C664D29AB3DFA00A9A4A2 /* Products */,
				55097198FE67D2F64F98C593 /* Pods */,
				5975ACE7DFFCFC5F089E0DC9 /* Frameworks */,
			);
			sourceTree = "<group>";
		};
		298C664D29AB3DFA00A9A4A2 /* Products */ = {
			isa = PBXGroup;
			children = (
				298C664C29AB3DFA00A9A4A2 /* Media-Player.app */,
				298C666229AB3DFD00A9A4A2 /* Media-PlayerTests.xctest */,
				298C666C29AB3DFD00A9A4A2 /* Media-PlayerUITests.xctest */,
			);
			name = Products;
			sourceTree = "<group>";
		};
		298C664E29AB3DFA00A9A4A2 /* Media-Player */ = {
			isa = PBXGroup;
			children = (
				29C8A6E029AB45FE00A9EF1D /* Resources */,
				29C8A6E129AB460C00A9EF1D /* Commons */,
				29C8A6E229AB461900A9EF1D /* Modules */,
				298C665D29AB3DFD00A9A4A2 /* Info.plist */,
			);
			path = "Media-Player";
			sourceTree = "<group>";
		};
		298C666529AB3DFD00A9A4A2 /* Media-PlayerTests */ = {
			isa = PBXGroup;
			children = (
				298C666629AB3DFD00A9A4A2 /* Media_PlayerTests.swift */,
			);
			path = "Media-PlayerTests";
			sourceTree = "<group>";
		};
		298C666F29AB3DFD00A9A4A2 /* Media-PlayerUITests */ = {
			isa = PBXGroup;
			children = (
				298C667029AB3DFD00A9A4A2 /* Media_PlayerUITests.swift */,
				298C667229AB3DFD00A9A4A2 /* Media_PlayerUITestsLaunchTests.swift */,
			);
			path = "Media-PlayerUITests";
			sourceTree = "<group>";
		};
		29C8A6E029AB45FE00A9EF1D /* Resources */ = {
			isa = PBXGroup;
			children = (
				298C665829AB3DFD00A9A4A2 /* Assets.xcassets */,
			);
			path = Resources;
			sourceTree = "<group>";
		};
		29C8A6E129AB460C00A9EF1D /* Commons */ = {
			isa = PBXGroup;
			children = (
				29C8A70B29AB8A0600A9EF1D /* Style */,
				29C8A6E829AB46C500A9EF1D /* Helper */,
				29C8A6E729AB46BF00A9EF1D /* Utility */,
				29C8A6E629AB46B700A9EF1D /* Base */,
				29C8A6E529AB46AF00A9EF1D /* Launcher */,
				29C8A6E429AB469900A9EF1D /* Extensions */,
				29C8A6E329AB464800A9EF1D /* Components */,
			);
			path = Commons;
			sourceTree = "<group>";
		};
		29C8A6E229AB461900A9EF1D /* Modules */ = {
			isa = PBXGroup;
			children = (
				29C8A70E29AB8B2600A9EF1D /* DetailVideo */,
				29C8A6E929AB5A2500A9EF1D /* Home */,
			);
			path = Modules;
			sourceTree = "<group>";
		};
		29C8A6E329AB464800A9EF1D /* Components */ = {
			isa = PBXGroup;
			children = (
			);
			path = Components;
			sourceTree = "<group>";
		};
		29C8A6E429AB469900A9EF1D /* Extensions */ = {
			isa = PBXGroup;
			children = (
				29C8A70929AB84D600A9EF1D /* Extensions.swift */,
			);
			path = Extensions;
			sourceTree = "<group>";
		};
		29C8A6E529AB46AF00A9EF1D /* Launcher */ = {
			isa = PBXGroup;
			children = (
				298C664F29AB3DFA00A9A4A2 /* AppDelegate.swift */,
				298C665129AB3DFA00A9A4A2 /* SceneDelegate.swift */,
				298C665A29AB3DFD00A9A4A2 /* LaunchScreen.storyboard */,
			);
			path = Launcher;
			sourceTree = "<group>";
		};
		29C8A6E629AB46B700A9EF1D /* Base */ = {
			isa = PBXGroup;
			children = (
				29C8A70129AB652F00A9EF1D /* BaseSerializerCodable.swift */,
				29C8A6FF29AB651B00A9EF1D /* BaseService.swift */,
				29C8A6FD29AB651500A9EF1D /* BaseViewModel.swift */,
				29C8A6FB29AB650D00A9EF1D /* BaseViewController.swift */,
			);
			path = Base;
			sourceTree = "<group>";
		};
		29C8A6E729AB46BF00A9EF1D /* Utility */ = {
			isa = PBXGroup;
			children = (
			);
			path = Utility;
			sourceTree = "<group>";
		};
		29C8A6E829AB46C500A9EF1D /* Helper */ = {
			isa = PBXGroup;
			children = (
				29C8A70329AB7FA100A9EF1D /* Connectivity.swift */,
				29C8A6F929AB64DF00A9EF1D /* Result.swift */,
				29C8A71B29AB983200A9EF1D /* PaginableResponse.swift */,
			);
			path = Helper;
			sourceTree = "<group>";
		};
		29C8A6E929AB5A2500A9EF1D /* Home */ = {
			isa = PBXGroup;
			children = (
				29C8A6F829AB5C4900A9EF1D /* PO */,
				29C8A6F729AB5C3F00A9EF1D /* TableViewCell */,
				29C8A6F629AB5C3600A9EF1D /* ServiceDetail */,
				29C8A6F029AB5A7A00A9EF1D /* HomeViewModel.swift */,
				29C8A6F429AB5AAC00A9EF1D /* HomeViewController+Binding.swift */,
				29C8A6EE29AB5A6500A9EF1D /* HomeViewController+TableView.swift */,
				29C8A6EA29AB5A4B00A9EF1D /* HomeViewController.swift */,
				29C8A6EB29AB5A4B00A9EF1D /* HomeViewController.xib */,
			);
			path = Home;
			sourceTree = "<group>";
		};
		29C8A6F629AB5C3600A9EF1D /* ServiceDetail */ = {
			isa = PBXGroup;
			children = (
				29C8A71329AB961200A9EF1D /* ListVideoRequest.swift */,
				29C8A71529AB962500A9EF1D /* ListVideoResponse.swift */,
				29C8A71729AB964900A9EF1D /* ListVideoServiceProtocol.swift */,
				29C8A71929AB965200A9EF1D /* ListVideoService.swift */,
			);
			path = ServiceDetail;
			sourceTree = "<group>";
		};
		29C8A6F729AB5C3F00A9EF1D /* TableViewCell */ = {
			isa = PBXGroup;
			children = (
				29C8A70529AB846500A9EF1D /* HomeTableViewCell.swift */,
				29C8A70629AB846500A9EF1D /* HomeTableViewCell.xib */,
			);
			path = TableViewCell;
			sourceTree = "<group>";
		};
		29C8A6F829AB5C4900A9EF1D /* PO */ = {
			isa = PBXGroup;
			children = (
				29C8A71D29ABA64B00A9EF1D /* ListVideoPO.swift */,
			);
			path = PO;
			sourceTree = "<group>";
		};
		29C8A70B29AB8A0600A9EF1D /* Style */ = {
			isa = PBXGroup;
			children = (
				29C8A70C29AB8A3B00A9EF1D /* Styles.swift */,
			);
			path = Style;
			sourceTree = "<group>";
		};
		29C8A70E29AB8B2600A9EF1D /* DetailVideo */ = {
			isa = PBXGroup;
			children = (
				29C8A70F29AB8DAC00A9EF1D /* DetailVideoViewController.swift */,
				29C8A71029AB8DAC00A9EF1D /* DetailVideoViewController.xib */,
			);
			path = DetailVideo;
			sourceTree = "<group>";
		};
		55097198FE67D2F64F98C593 /* Pods */ = {
			isa = PBXGroup;
			children = (
				CB8A656E5CCA20CC832EC9AC /* Pods-Media-Player.debug.xcconfig */,
				EE19DD100A91E6DA050C37D7 /* Pods-Media-Player.release.xcconfig */,
				4830F5A3B562069DAB5A5BF0 /* Pods-Media-Player-Media-PlayerUITests.debug.xcconfig */,
				707E07C3E73DF166E5AB9654 /* Pods-Media-Player-Media-PlayerUITests.release.xcconfig */,
				988B06A738BBEE327111523E /* Pods-Media-PlayerTests.debug.xcconfig */,
				AAD0154EAF92FAE6B18C4307 /* Pods-Media-PlayerTests.release.xcconfig */,
			);
			path = Pods;
			sourceTree = "<group>";
		};
		5975ACE7DFFCFC5F089E0DC9 /* Frameworks */ = {
			isa = PBXGroup;
			children = (
				DB86E5C77D6E3CFC8E4B7320 /* Pods_Media_Player.framework */,
				64F15F282623211693A8A81B /* Pods_Media_Player_Media_PlayerUITests.framework */,
				06D51E78D4E6B8405B2ABA1A /* Pods_Media_PlayerTests.framework */,
			);
			name = Frameworks;
			sourceTree = "<group>";
		};
/* End PBXGroup section */

/* Begin PBXNativeTarget section */
		298C664B29AB3DFA00A9A4A2 /* Media-Player */ = {
			isa = PBXNativeTarget;
			buildConfigurationList = 298C667629AB3DFD00A9A4A2 /* Build configuration list for PBXNativeTarget "Media-Player" */;
			buildPhases = (
				9DC0F579E7CCFF79E7C8D1B6 /* [CP] Check Pods Manifest.lock */,
				298C664829AB3DFA00A9A4A2 /* Sources */,
				298C664929AB3DFA00A9A4A2 /* Frameworks */,
				298C664A29AB3DFA00A9A4A2 /* Resources */,
				3E285EB122BEDE7D5D38377B /* [CP] Embed Pods Frameworks */,
			);
			buildRules = (
			);
			dependencies = (
			);
			name = "Media-Player";
			productName = "Media-Player";
			productReference = 298C664C29AB3DFA00A9A4A2 /* Media-Player.app */;
			productType = "com.apple.product-type.application";
		};
		298C666129AB3DFD00A9A4A2 /* Media-PlayerTests */ = {
			isa = PBXNativeTarget;
			buildConfigurationList = 298C667929AB3DFD00A9A4A2 /* Build configuration list for PBXNativeTarget "Media-PlayerTests" */;
			buildPhases = (
				A787A29FDCC1ED96E2544068 /* [CP] Check Pods Manifest.lock */,
				298C665E29AB3DFD00A9A4A2 /* Sources */,
				298C665F29AB3DFD00A9A4A2 /* Frameworks */,
				298C666029AB3DFD00A9A4A2 /* Resources */,
			);
			buildRules = (
			);
			dependencies = (
				298C666429AB3DFD00A9A4A2 /* PBXTargetDependency */,
			);
			name = "Media-PlayerTests";
			productName = "Media-PlayerTests";
			productReference = 298C666229AB3DFD00A9A4A2 /* Media-PlayerTests.xctest */;
			productType = "com.apple.product-type.bundle.unit-test";
		};
		298C666B29AB3DFD00A9A4A2 /* Media-PlayerUITests */ = {
			isa = PBXNativeTarget;
			buildConfigurationList = 298C667C29AB3DFD00A9A4A2 /* Build configuration list for PBXNativeTarget "Media-PlayerUITests" */;
			buildPhases = (
				DA380B5D51D6BD2F8D53F2B4 /* [CP] Check Pods Manifest.lock */,
				298C666829AB3DFD00A9A4A2 /* Sources */,
				298C666929AB3DFD00A9A4A2 /* Frameworks */,
				298C666A29AB3DFD00A9A4A2 /* Resources */,
				EFD0D351B75A883C7514EC6F /* [CP] Embed Pods Frameworks */,
			);
			buildRules = (
			);
			dependencies = (
				298C666E29AB3DFD00A9A4A2 /* PBXTargetDependency */,
			);
			name = "Media-PlayerUITests";
			productName = "Media-PlayerUITests";
			productReference = 298C666C29AB3DFD00A9A4A2 /* Media-PlayerUITests.xctest */;
			productType = "com.apple.product-type.bundle.ui-testing";
		};
/* End PBXNativeTarget section */

/* Begin PBXProject section */
		298C664429AB3DFA00A9A4A2 /* Project object */ = {
			isa = PBXProject;
			attributes = {
				BuildIndependentTargetsInParallel = 1;
				LastSwiftUpdateCheck = 1410;
				LastUpgradeCheck = 1410;
				TargetAttributes = {
					298C664B29AB3DFA00A9A4A2 = {
						CreatedOnToolsVersion = 14.1;
					};
					298C666129AB3DFD00A9A4A2 = {
						CreatedOnToolsVersion = 14.1;
						TestTargetID = 298C664B29AB3DFA00A9A4A2;
					};
					298C666B29AB3DFD00A9A4A2 = {
						CreatedOnToolsVersion = 14.1;
						TestTargetID = 298C664B29AB3DFA00A9A4A2;
					};
				};
			};
			buildConfigurationList = 298C664729AB3DFA00A9A4A2 /* Build configuration list for PBXProject "Media-Player" */;
			compatibilityVersion = "Xcode 14.0";
			developmentRegion = en;
			hasScannedForEncodings = 0;
			knownRegions = (
				en,
				Base,
			);
			mainGroup = 298C664329AB3DFA00A9A4A2;
			productRefGroup = 298C664D29AB3DFA00A9A4A2 /* Products */;
			projectDirPath = "";
			projectRoot = "";
			targets = (
				298C664B29AB3DFA00A9A4A2 /* Media-Player */,
				298C666129AB3DFD00A9A4A2 /* Media-PlayerTests */,
				298C666B29AB3DFD00A9A4A2 /* Media-PlayerUITests */,
			);
		};
/* End PBXProject section */

/* Begin PBXResourcesBuildPhase section */
		298C664A29AB3DFA00A9A4A2 /* Resources */ = {
			isa = PBXResourcesBuildPhase;
			buildActionMask = 2147483647;
			files = (
				298C665C29AB3DFD00A9A4A2 /* LaunchScreen.storyboard in Resources */,
				298C665929AB3DFD00A9A4A2 /* Assets.xcassets in Resources */,
				29C8A71229AB8DAC00A9EF1D /* DetailVideoViewController.xib in Resources */,
				29C8A70829AB846500A9EF1D /* HomeTableViewCell.xib in Resources */,
				29C8A6ED29AB5A4B00A9EF1D /* HomeViewController.xib in Resources */,
			);
			runOnlyForDeploymentPostprocessing = 0;
		};
		298C666029AB3DFD00A9A4A2 /* Resources */ = {
			isa = PBXResourcesBuildPhase;
			buildActionMask = 2147483647;
			files = (
			);
			runOnlyForDeploymentPostprocessing = 0;
		};
		298C666A29AB3DFD00A9A4A2 /* Resources */ = {
			isa = PBXResourcesBuildPhase;
			buildActionMask = 2147483647;
			files = (
			);
			runOnlyForDeploymentPostprocessing = 0;
		};
/* End PBXResourcesBuildPhase section */

/* Begin PBXShellScriptBuildPhase section */
		3E285EB122BEDE7D5D38377B /* [CP] Embed Pods Frameworks */ = {
			isa = PBXShellScriptBuildPhase;
			buildActionMask = 2147483647;
			files = (
			);
			inputFileListPaths = (
				"${PODS_ROOT}/Target Support Files/Pods-Media-Player/Pods-Media-Player-frameworks-${CONFIGURATION}-input-files.xcfilelist",
			);
			name = "[CP] Embed Pods Frameworks";
			outputFileListPaths = (
				"${PODS_ROOT}/Target Support Files/Pods-Media-Player/Pods-Media-Player-frameworks-${CONFIGURATION}-output-files.xcfilelist",
			);
			runOnlyForDeploymentPostprocessing = 0;
			shellPath = /bin/sh;
			shellScript = "\"${PODS_ROOT}/Target Support Files/Pods-Media-Player/Pods-Media-Player-frameworks.sh\"\n";
			showEnvVarsInLog = 0;
		};
		9DC0F579E7CCFF79E7C8D1B6 /* [CP] Check Pods Manifest.lock */ = {
			isa = PBXShellScriptBuildPhase;
			buildActionMask = 2147483647;
			files = (
			);
			inputFileListPaths = (
			);
			inputPaths = (
				"${PODS_PODFILE_DIR_PATH}/Podfile.lock",
				"${PODS_ROOT}/Manifest.lock",
			);
			name = "[CP] Check Pods Manifest.lock";
			outputFileListPaths = (
			);
			outputPaths = (
				"$(DERIVED_FILE_DIR)/Pods-Media-Player-checkManifestLockResult.txt",
			);
			runOnlyForDeploymentPostprocessing = 0;
			shellPath = /bin/sh;
			shellScript = "diff \"${PODS_PODFILE_DIR_PATH}/Podfile.lock\" \"${PODS_ROOT}/Manifest.lock\" > /dev/null\nif [ $? != 0 ] ; then\n    # print error to STDERR\n    echo \"error: The sandbox is not in sync with the Podfile.lock. Run 'pod install' or update your CocoaPods installation.\" >&2\n    exit 1\nfi\n# This output is used by Xcode 'outputs' to avoid re-running this script phase.\necho \"SUCCESS\" > \"${SCRIPT_OUTPUT_FILE_0}\"\n";
			showEnvVarsInLog = 0;
		};
		A787A29FDCC1ED96E2544068 /* [CP] Check Pods Manifest.lock */ = {
			isa = PBXShellScriptBuildPhase;
			buildActionMask = 2147483647;
			files = (
			);
			inputFileListPaths = (
			);
			inputPaths = (
				"${PODS_PODFILE_DIR_PATH}/Podfile.lock",
				"${PODS_ROOT}/Manifest.lock",
			);
			name = "[CP] Check Pods Manifest.lock";
			outputFileListPaths = (
			);
			outputPaths = (
				"$(DERIVED_FILE_DIR)/Pods-Media-PlayerTests-checkManifestLockResult.txt",
			);
			runOnlyForDeploymentPostprocessing = 0;
			shellPath = /bin/sh;
			shellScript = "diff \"${PODS_PODFILE_DIR_PATH}/Podfile.lock\" \"${PODS_ROOT}/Manifest.lock\" > /dev/null\nif [ $? != 0 ] ; then\n    # print error to STDERR\n    echo \"error: The sandbox is not in sync with the Podfile.lock. Run 'pod install' or update your CocoaPods installation.\" >&2\n    exit 1\nfi\n# This output is used by Xcode 'outputs' to avoid re-running this script phase.\necho \"SUCCESS\" > \"${SCRIPT_OUTPUT_FILE_0}\"\n";
			showEnvVarsInLog = 0;
		};
		DA380B5D51D6BD2F8D53F2B4 /* [CP] Check Pods Manifest.lock */ = {
			isa = PBXShellScriptBuildPhase;
			buildActionMask = 2147483647;
			files = (
			);
			inputFileListPaths = (
			);
			inputPaths = (
				"${PODS_PODFILE_DIR_PATH}/Podfile.lock",
				"${PODS_ROOT}/Manifest.lock",
			);
			name = "[CP] Check Pods Manifest.lock";
			outputFileListPaths = (
			);
			outputPaths = (
				"$(DERIVED_FILE_DIR)/Pods-Media-Player-Media-PlayerUITests-checkManifestLockResult.txt",
			);
			runOnlyForDeploymentPostprocessing = 0;
			shellPath = /bin/sh;
			shellScript = "diff \"${PODS_PODFILE_DIR_PATH}/Podfile.lock\" \"${PODS_ROOT}/Manifest.lock\" > /dev/null\nif [ $? != 0 ] ; then\n    # print error to STDERR\n    echo \"error: The sandbox is not in sync with the Podfile.lock. Run 'pod install' or update your CocoaPods installation.\" >&2\n    exit 1\nfi\n# This output is used by Xcode 'outputs' to avoid re-running this script phase.\necho \"SUCCESS\" > \"${SCRIPT_OUTPUT_FILE_0}\"\n";
			showEnvVarsInLog = 0;
		};
		EFD0D351B75A883C7514EC6F /* [CP] Embed Pods Frameworks */ = {
			isa = PBXShellScriptBuildPhase;
			buildActionMask = 2147483647;
			files = (
			);
			inputFileListPaths = (
				"${PODS_ROOT}/Target Support Files/Pods-Media-Player-Media-PlayerUITests/Pods-Media-Player-Media-PlayerUITests-frameworks-${CONFIGURATION}-input-files.xcfilelist",
			);
			name = "[CP] Embed Pods Frameworks";
			outputFileListPaths = (
				"${PODS_ROOT}/Target Support Files/Pods-Media-Player-Media-PlayerUITests/Pods-Media-Player-Media-PlayerUITests-frameworks-${CONFIGURATION}-output-files.xcfilelist",
			);
			runOnlyForDeploymentPostprocessing = 0;
			shellPath = /bin/sh;
			shellScript = "\"${PODS_ROOT}/Target Support Files/Pods-Media-Player-Media-PlayerUITests/Pods-Media-Player-Media-PlayerUITests-frameworks.sh\"\n";
			showEnvVarsInLog = 0;
		};
/* End PBXShellScriptBuildPhase section */

/* Begin PBXSourcesBuildPhase section */
		298C664829AB3DFA00A9A4A2 /* Sources */ = {
			isa = PBXSourcesBuildPhase;
			buildActionMask = 2147483647;
			files = (
				29C8A71C29AB983200A9EF1D /* PaginableResponse.swift in Sources */,
				298C665029AB3DFA00A9A4A2 /* AppDelegate.swift in Sources */,
				29C8A6FE29AB651500A9EF1D /* BaseViewModel.swift in Sources */,
				29C8A70729AB846500A9EF1D /* HomeTableViewCell.swift in Sources */,
				298C665229AB3DFA00A9A4A2 /* SceneDelegate.swift in Sources */,
				29C8A6EC29AB5A4B00A9EF1D /* HomeViewController.swift in Sources */,
				29C8A6F529AB5AAC00A9EF1D /* HomeViewController+Binding.swift in Sources */,
				29C8A70D29AB8A3B00A9EF1D /* Styles.swift in Sources */,
				29C8A6FC29AB650D00A9EF1D /* BaseViewController.swift in Sources */,
				29C8A71E29ABA64B00A9EF1D /* ListVideoPO.swift in Sources */,
				29C8A6F129AB5A7A00A9EF1D /* HomeViewModel.swift in Sources */,
				29C8A71A29AB965200A9EF1D /* ListVideoService.swift in Sources */,
				29C8A70429AB7FA100A9EF1D /* Connectivity.swift in Sources */,
				29C8A71629AB962500A9EF1D /* ListVideoResponse.swift in Sources */,
				29C8A71129AB8DAC00A9EF1D /* DetailVideoViewController.swift in Sources */,
				29C8A70A29AB84D600A9EF1D /* Extensions.swift in Sources */,
				29C8A6FA29AB64DF00A9EF1D /* Result.swift in Sources */,
				29C8A70229AB652F00A9EF1D /* BaseSerializerCodable.swift in Sources */,
				29C8A71429AB961200A9EF1D /* ListVideoRequest.swift in Sources */,
				29C8A6EF29AB5A6500A9EF1D /* HomeViewController+TableView.swift in Sources */,
				29C8A70029AB651B00A9EF1D /* BaseService.swift in Sources */,
				29C8A71829AB964900A9EF1D /* ListVideoServiceProtocol.swift in Sources */,
			);
			runOnlyForDeploymentPostprocessing = 0;
		};
		298C665E29AB3DFD00A9A4A2 /* Sources */ = {
			isa = PBXSourcesBuildPhase;
			buildActionMask = 2147483647;
			files = (
				298C666729AB3DFD00A9A4A2 /* Media_PlayerTests.swift in Sources */,
			);
			runOnlyForDeploymentPostprocessing = 0;
		};
		298C666829AB3DFD00A9A4A2 /* Sources */ = {
			isa = PBXSourcesBuildPhase;
			buildActionMask = 2147483647;
			files = (
				298C667329AB3DFD00A9A4A2 /* Media_PlayerUITestsLaunchTests.swift in Sources */,
				298C667129AB3DFD00A9A4A2 /* Media_PlayerUITests.swift in Sources */,
			);
			runOnlyForDeploymentPostprocessing = 0;
		};
/* End PBXSourcesBuildPhase section */

/* Begin PBXTargetDependency section */
		298C666429AB3DFD00A9A4A2 /* PBXTargetDependency */ = {
			isa = PBXTargetDependency;
			target = 298C664B29AB3DFA00A9A4A2 /* Media-Player */;
			targetProxy = 298C666329AB3DFD00A9A4A2 /* PBXContainerItemProxy */;
		};
		298C666E29AB3DFD00A9A4A2 /* PBXTargetDependency */ = {
			isa = PBXTargetDependency;
			target = 298C664B29AB3DFA00A9A4A2 /* Media-Player */;
			targetProxy = 298C666D29AB3DFD00A9A4A2 /* PBXContainerItemProxy */;
		};
/* End PBXTargetDependency section */

/* Begin PBXVariantGroup section */
		298C665A29AB3DFD00A9A4A2 /* LaunchScreen.storyboard */ = {
			isa = PBXVariantGroup;
			children = (
				298C665B29AB3DFD00A9A4A2 /* Base */,
			);
			name = LaunchScreen.storyboard;
			sourceTree = "<group>";
		};
/* End PBXVariantGroup section */

/* Begin XCBuildConfiguration section */
		298C667429AB3DFD00A9A4A2 /* Debug */ = {
			isa = XCBuildConfiguration;
			buildSettings = {
				ALWAYS_SEARCH_USER_PATHS = NO;
				CLANG_ANALYZER_NONNULL = YES;
				CLANG_ANALYZER_NUMBER_OBJECT_CONVERSION = YES_AGGRESSIVE;
				CLANG_CXX_LANGUAGE_STANDARD = "gnu++20";
				CLANG_ENABLE_MODULES = YES;
				CLANG_ENABLE_OBJC_ARC = YES;
				CLANG_ENABLE_OBJC_WEAK = YES;
				CLANG_WARN_BLOCK_CAPTURE_AUTORELEASING = YES;
				CLANG_WARN_BOOL_CONVERSION = YES;
				CLANG_WARN_COMMA = YES;
				CLANG_WARN_CONSTANT_CONVERSION = YES;
				CLANG_WARN_DEPRECATED_OBJC_IMPLEMENTATIONS = YES;
				CLANG_WARN_DIRECT_OBJC_ISA_USAGE = YES_ERROR;
				CLANG_WARN_DOCUMENTATION_COMMENTS = YES;
				CLANG_WARN_EMPTY_BODY = YES;
				CLANG_WARN_ENUM_CONVERSION = YES;
				CLANG_WARN_INFINITE_RECURSION = YES;
				CLANG_WARN_INT_CONVERSION = YES;
				CLANG_WARN_NON_LITERAL_NULL_CONVERSION = YES;
				CLANG_WARN_OBJC_IMPLICIT_RETAIN_SELF = YES;
				CLANG_WARN_OBJC_LITERAL_CONVERSION = YES;
				CLANG_WARN_OBJC_ROOT_CLASS = YES_ERROR;
				CLANG_WARN_QUOTED_INCLUDE_IN_FRAMEWORK_HEADER = YES;
				CLANG_WARN_RANGE_LOOP_ANALYSIS = YES;
				CLANG_WARN_STRICT_PROTOTYPES = YES;
				CLANG_WARN_SUSPICIOUS_MOVE = YES;
				CLANG_WARN_UNGUARDED_AVAILABILITY = YES_AGGRESSIVE;
				CLANG_WARN_UNREACHABLE_CODE = YES;
				CLANG_WARN__DUPLICATE_METHOD_MATCH = YES;
				COPY_PHASE_STRIP = NO;
				DEBUG_INFORMATION_FORMAT = dwarf;
				ENABLE_STRICT_OBJC_MSGSEND = YES;
				ENABLE_TESTABILITY = YES;
				GCC_C_LANGUAGE_STANDARD = gnu11;
				GCC_DYNAMIC_NO_PIC = NO;
				GCC_NO_COMMON_BLOCKS = YES;
				GCC_OPTIMIZATION_LEVEL = 0;
				GCC_PREPROCESSOR_DEFINITIONS = (
					"DEBUG=1",
					"$(inherited)",
				);
				GCC_WARN_64_TO_32_BIT_CONVERSION = YES;
				GCC_WARN_ABOUT_RETURN_TYPE = YES_ERROR;
				GCC_WARN_UNDECLARED_SELECTOR = YES;
				GCC_WARN_UNINITIALIZED_AUTOS = YES_AGGRESSIVE;
				GCC_WARN_UNUSED_FUNCTION = YES;
				GCC_WARN_UNUSED_VARIABLE = YES;
				IPHONEOS_DEPLOYMENT_TARGET = 14.0;
				MTL_ENABLE_DEBUG_INFO = INCLUDE_SOURCE;
				MTL_FAST_MATH = YES;
				ONLY_ACTIVE_ARCH = YES;
				SDKROOT = iphoneos;
				SWIFT_ACTIVE_COMPILATION_CONDITIONS = DEBUG;
				SWIFT_OPTIMIZATION_LEVEL = "-Onone";
			};
			name = Debug;
		};
		298C667529AB3DFD00A9A4A2 /* Release */ = {
			isa = XCBuildConfiguration;
			buildSettings = {
				ALWAYS_SEARCH_USER_PATHS = NO;
				CLANG_ANALYZER_NONNULL = YES;
				CLANG_ANALYZER_NUMBER_OBJECT_CONVERSION = YES_AGGRESSIVE;
				CLANG_CXX_LANGUAGE_STANDARD = "gnu++20";
				CLANG_ENABLE_MODULES = YES;
				CLANG_ENABLE_OBJC_ARC = YES;
				CLANG_ENABLE_OBJC_WEAK = YES;
				CLANG_WARN_BLOCK_CAPTURE_AUTORELEASING = YES;
				CLANG_WARN_BOOL_CONVERSION = YES;
				CLANG_WARN_COMMA = YES;
				CLANG_WARN_CONSTANT_CONVERSION = YES;
				CLANG_WARN_DEPRECATED_OBJC_IMPLEMENTATIONS = YES;
				CLANG_WARN_DIRECT_OBJC_ISA_USAGE = YES_ERROR;
				CLANG_WARN_DOCUMENTATION_COMMENTS = YES;
				CLANG_WARN_EMPTY_BODY = YES;
				CLANG_WARN_ENUM_CONVERSION = YES;
				CLANG_WARN_INFINITE_RECURSION = YES;
				CLANG_WARN_INT_CONVERSION = YES;
				CLANG_WARN_NON_LITERAL_NULL_CONVERSION = YES;
				CLANG_WARN_OBJC_IMPLICIT_RETAIN_SELF = YES;
				CLANG_WARN_OBJC_LITERAL_CONVERSION = YES;
				CLANG_WARN_OBJC_ROOT_CLASS = YES_ERROR;
				CLANG_WARN_QUOTED_INCLUDE_IN_FRAMEWORK_HEADER = YES;
				CLANG_WARN_RANGE_LOOP_ANALYSIS = YES;
				CLANG_WARN_STRICT_PROTOTYPES = YES;
				CLANG_WARN_SUSPICIOUS_MOVE = YES;
				CLANG_WARN_UNGUARDED_AVAILABILITY = YES_AGGRESSIVE;
				CLANG_WARN_UNREACHABLE_CODE = YES;
				CLANG_WARN__DUPLICATE_METHOD_MATCH = YES;
				COPY_PHASE_STRIP = NO;
				DEBUG_INFORMATION_FORMAT = "dwarf-with-dsym";
				ENABLE_NS_ASSERTIONS = NO;
				ENABLE_STRICT_OBJC_MSGSEND = YES;
				GCC_C_LANGUAGE_STANDARD = gnu11;
				GCC_NO_COMMON_BLOCKS = YES;
				GCC_WARN_64_TO_32_BIT_CONVERSION = YES;
				GCC_WARN_ABOUT_RETURN_TYPE = YES_ERROR;
				GCC_WARN_UNDECLARED_SELECTOR = YES;
				GCC_WARN_UNINITIALIZED_AUTOS = YES_AGGRESSIVE;
				GCC_WARN_UNUSED_FUNCTION = YES;
				GCC_WARN_UNUSED_VARIABLE = YES;
				IPHONEOS_DEPLOYMENT_TARGET = 14.0;
				MTL_ENABLE_DEBUG_INFO = NO;
				MTL_FAST_MATH = YES;
				SDKROOT = iphoneos;
				SWIFT_COMPILATION_MODE = wholemodule;
				SWIFT_OPTIMIZATION_LEVEL = "-O";
				VALIDATE_PRODUCT = YES;
			};
			name = Release;
		};
		298C667729AB3DFD00A9A4A2 /* Debug */ = {
			isa = XCBuildConfiguration;
			baseConfigurationReference = CB8A656E5CCA20CC832EC9AC /* Pods-Media-Player.debug.xcconfig */;
			buildSettings = {
				ASSETCATALOG_COMPILER_APPICON_NAME = AppIcon;
				ASSETCATALOG_COMPILER_GLOBAL_ACCENT_COLOR_NAME = AccentColor;
				CODE_SIGN_STYLE = Automatic;
				CURRENT_PROJECT_VERSION = 1;
				DEVELOPMENT_TEAM = 2VT8C63VJP;
				GENERATE_INFOPLIST_FILE = YES;
				INFOPLIST_FILE = "Media-Player/Info.plist";
				INFOPLIST_KEY_UIApplicationSupportsIndirectInputEvents = YES;
				INFOPLIST_KEY_UILaunchStoryboardName = LaunchScreen.storyboard;
				INFOPLIST_KEY_UISupportedInterfaceOrientations_iPad = "UIInterfaceOrientationPortrait UIInterfaceOrientationPortraitUpsideDown UIInterfaceOrientationLandscapeLeft UIInterfaceOrientationLandscapeRight";
				INFOPLIST_KEY_UISupportedInterfaceOrientations_iPhone = "UIInterfaceOrientationPortrait UIInterfaceOrientationLandscapeLeft UIInterfaceOrientationLandscapeRight";
				IPHONEOS_DEPLOYMENT_TARGET = 14.0;
				LD_RUNPATH_SEARCH_PATHS = (
					"$(inherited)",
					"@executable_path/Frameworks",
				);
				MARKETING_VERSION = 1.0;
				PRODUCT_BUNDLE_IDENTIFIER = "com.AmirhMemarian.Media-Player";
				PRODUCT_NAME = "$(TARGET_NAME)";
				SWIFT_EMIT_LOC_STRINGS = YES;
				SWIFT_VERSION = 5.0;
				TARGETED_DEVICE_FAMILY = "1,2";
			};
			name = Debug;
		};
		298C667829AB3DFD00A9A4A2 /* Release */ = {
			isa = XCBuildConfiguration;
			baseConfigurationReference = EE19DD100A91E6DA050C37D7 /* Pods-Media-Player.release.xcconfig */;
			buildSettings = {
				ASSETCATALOG_COMPILER_APPICON_NAME = AppIcon;
				ASSETCATALOG_COMPILER_GLOBAL_ACCENT_COLOR_NAME = AccentColor;
				CODE_SIGN_STYLE = Automatic;
				CURRENT_PROJECT_VERSION = 1;
				DEVELOPMENT_TEAM = 2VT8C63VJP;
				GENERATE_INFOPLIST_FILE = YES;
				INFOPLIST_FILE = "Media-Player/Info.plist";
				INFOPLIST_KEY_UIApplicationSupportsIndirectInputEvents = YES;
				INFOPLIST_KEY_UILaunchStoryboardName = LaunchScreen.storyboard;
				INFOPLIST_KEY_UISupportedInterfaceOrientations_iPad = "UIInterfaceOrientationPortrait UIInterfaceOrientationPortraitUpsideDown UIInterfaceOrientationLandscapeLeft UIInterfaceOrientationLandscapeRight";
				INFOPLIST_KEY_UISupportedInterfaceOrientations_iPhone = "UIInterfaceOrientationPortrait UIInterfaceOrientationLandscapeLeft UIInterfaceOrientationLandscapeRight";
				IPHONEOS_DEPLOYMENT_TARGET = 14.0;
				LD_RUNPATH_SEARCH_PATHS = (
					"$(inherited)",
					"@executable_path/Frameworks",
				);
				MARKETING_VERSION = 1.0;
				PRODUCT_BUNDLE_IDENTIFIER = "com.AmirhMemarian.Media-Player";
				PRODUCT_NAME = "$(TARGET_NAME)";
				SWIFT_EMIT_LOC_STRINGS = YES;
				SWIFT_VERSION = 5.0;
				TARGETED_DEVICE_FAMILY = "1,2";
			};
			name = Release;
		};
		298C667A29AB3DFD00A9A4A2 /* Debug */ = {
			isa = XCBuildConfiguration;
			baseConfigurationReference = 988B06A738BBEE327111523E /* Pods-Media-PlayerTests.debug.xcconfig */;
			buildSettings = {
				ALWAYS_EMBED_SWIFT_STANDARD_LIBRARIES = YES;
				BUNDLE_LOADER = "$(TEST_HOST)";
				CODE_SIGN_STYLE = Automatic;
				CURRENT_PROJECT_VERSION = 1;
				DEVELOPMENT_TEAM = 2VT8C63VJP;
				GENERATE_INFOPLIST_FILE = YES;
				IPHONEOS_DEPLOYMENT_TARGET = 16.1;
				MARKETING_VERSION = 1.0;
				PRODUCT_BUNDLE_IDENTIFIER = "com.AmirhMemarian.Media-PlayerTests";
				PRODUCT_NAME = "$(TARGET_NAME)";
				SWIFT_EMIT_LOC_STRINGS = NO;
				SWIFT_VERSION = 5.0;
				TARGETED_DEVICE_FAMILY = "1,2";
				TEST_HOST = "$(BUILT_PRODUCTS_DIR)/Media-Player.app/$(BUNDLE_EXECUTABLE_FOLDER_PATH)/Media-Player";
			};
			name = Debug;
		};
		298C667B29AB3DFD00A9A4A2 /* Release */ = {
			isa = XCBuildConfiguration;
			baseConfigurationReference = AAD0154EAF92FAE6B18C4307 /* Pods-Media-PlayerTests.release.xcconfig */;
			buildSettings = {
				ALWAYS_EMBED_SWIFT_STANDARD_LIBRARIES = YES;
				BUNDLE_LOADER = "$(TEST_HOST)";
				CODE_SIGN_STYLE = Automatic;
				CURRENT_PROJECT_VERSION = 1;
				DEVELOPMENT_TEAM = 2VT8C63VJP;
				GENERATE_INFOPLIST_FILE = YES;
				IPHONEOS_DEPLOYMENT_TARGET = 16.1;
				MARKETING_VERSION = 1.0;
				PRODUCT_BUNDLE_IDENTIFIER = "com.AmirhMemarian.Media-PlayerTests";
				PRODUCT_NAME = "$(TARGET_NAME)";
				SWIFT_EMIT_LOC_STRINGS = NO;
				SWIFT_VERSION = 5.0;
				TARGETED_DEVICE_FAMILY = "1,2";
				TEST_HOST = "$(BUILT_PRODUCTS_DIR)/Media-Player.app/$(BUNDLE_EXECUTABLE_FOLDER_PATH)/Media-Player";
			};
			name = Release;
		};
		298C667D29AB3DFD00A9A4A2 /* Debug */ = {
			isa = XCBuildConfiguration;
			baseConfigurationReference = 4830F5A3B562069DAB5A5BF0 /* Pods-Media-Player-Media-PlayerUITests.debug.xcconfig */;
			buildSettings = {
				ALWAYS_EMBED_SWIFT_STANDARD_LIBRARIES = YES;
				CODE_SIGN_STYLE = Automatic;
				CURRENT_PROJECT_VERSION = 1;
				DEVELOPMENT_TEAM = 2VT8C63VJP;
				GENERATE_INFOPLIST_FILE = YES;
				MARKETING_VERSION = 1.0;
				PRODUCT_BUNDLE_IDENTIFIER = "com.AmirhMemarian.Media-PlayerUITests";
				PRODUCT_NAME = "$(TARGET_NAME)";
				SWIFT_EMIT_LOC_STRINGS = NO;
				SWIFT_VERSION = 5.0;
				TARGETED_DEVICE_FAMILY = "1,2";
				TEST_TARGET_NAME = "Media-Player";
			};
			name = Debug;
		};
		298C667E29AB3DFD00A9A4A2 /* Release */ = {
			isa = XCBuildConfiguration;
			baseConfigurationReference = 707E07C3E73DF166E5AB9654 /* Pods-Media-Player-Media-PlayerUITests.release.xcconfig */;
			buildSettings = {
				ALWAYS_EMBED_SWIFT_STANDARD_LIBRARIES = YES;
				CODE_SIGN_STYLE = Automatic;
				CURRENT_PROJECT_VERSION = 1;
				DEVELOPMENT_TEAM = 2VT8C63VJP;
				GENERATE_INFOPLIST_FILE = YES;
				MARKETING_VERSION = 1.0;
				PRODUCT_BUNDLE_IDENTIFIER = "com.AmirhMemarian.Media-PlayerUITests";
				PRODUCT_NAME = "$(TARGET_NAME)";
				SWIFT_EMIT_LOC_STRINGS = NO;
				SWIFT_VERSION = 5.0;
				TARGETED_DEVICE_FAMILY = "1,2";
				TEST_TARGET_NAME = "Media-Player";
			};
			name = Release;
		};
/* End XCBuildConfiguration section */

/* Begin XCConfigurationList section */
		298C664729AB3DFA00A9A4A2 /* Build configuration list for PBXProject "Media-Player" */ = {
			isa = XCConfigurationList;
			buildConfigurations = (
				298C667429AB3DFD00A9A4A2 /* Debug */,
				298C667529AB3DFD00A9A4A2 /* Release */,
			);
			defaultConfigurationIsVisible = 0;
			defaultConfigurationName = Release;
		};
		298C667629AB3DFD00A9A4A2 /* Build configuration list for PBXNativeTarget "Media-Player" */ = {
			isa = XCConfigurationList;
			buildConfigurations = (
				298C667729AB3DFD00A9A4A2 /* Debug */,
				298C667829AB3DFD00A9A4A2 /* Release */,
			);
			defaultConfigurationIsVisible = 0;
			defaultConfigurationName = Release;
		};
		298C667929AB3DFD00A9A4A2 /* Build configuration list for PBXNativeTarget "Media-PlayerTests" */ = {
			isa = XCConfigurationList;
			buildConfigurations = (
				298C667A29AB3DFD00A9A4A2 /* Debug */,
				298C667B29AB3DFD00A9A4A2 /* Release */,
			);
			defaultConfigurationIsVisible = 0;
			defaultConfigurationName = Release;
		};
		298C667C29AB3DFD00A9A4A2 /* Build configuration list for PBXNativeTarget "Media-PlayerUITests" */ = {
			isa = XCConfigurationList;
			buildConfigurations = (
				298C667D29AB3DFD00A9A4A2 /* Debug */,
				298C667E29AB3DFD00A9A4A2 /* Release */,
			);
			defaultConfigurationIsVisible = 0;
			defaultConfigurationName = Release;
		};
/* End XCConfigurationList section */
	};
	rootObject = 298C664429AB3DFA00A9A4A2 /* Project object */;
}
